
Microsoft Visual Studio Solution File, Format Version 12.00
# Visual Studio Version 17
VisualStudioVersion = 17.11.35005.142
MinimumVisualStudioVersion = 10.0.40219.1
Project("{FAE04EC0-301F-11D3-BF4B-00C04F79EFBC}") = "Arrays", "Arrays\Arrays.csproj", "{71606DD7-5D45-4342-9803-21307E08762D}"
EndProject
Global
	GlobalSection(SolutionConfigurationPlatforms) = preSolution
		Debug|Any CPU = Debug|Any CPU
		Release|Any CPU = Release|Any CPU
	EndGlobalSection
	GlobalSection(ProjectConfigurationPlatforms) = postSolution
		{71606DD7-5D45-4342-9803-21307E08762D}.Debug|Any CPU.ActiveCfg = Debug|Any CPU
		{71606DD7-5D45-4342-9803-21307E08762D}.Debug|Any CPU.Build.0 = Debug|Any CPU
		{71606DD7-5D45-4342-9803-21307E08762D}.Release|Any CPU.ActiveCfg = Release|Any CPU
		{71606DD7-5D45-4342-9803-21307E08762D}.Release|Any CPU.Build.0 = Release|Any CPU
	EndGlobalSection
	GlobalSection(SolutionProperties) = preSolution
		HideSolutionNode = FALSE
	EndGlobalSection
	GlobalSection(ExtensibilityGlobals) = postSolution
		SolutionGuid = {C6CFD44D-267B-4A4B-BF03-160309CC4189}
	EndGlobalSection
EndGlobal
