
Microsoft Visual Studio Solution File, Format Version 12.00
# Visual Studio Version 17
VisualStudioVersion = 17.11.35005.142
MinimumVisualStudioVersion = 10.0.40219.1
Project("{FAE04EC0-301F-11D3-BF4B-00C04F79EFBC}") = "Dictionary", "Dictionary\Dictionary.csproj", "{D674BF9A-0315-4FBA-861D-43B4F2B576D3}"
EndProject
Global
	GlobalSection(SolutionConfigurationPlatforms) = preSolution
		Debug|Any CPU = Debug|Any CPU
		Release|Any CPU = Release|Any CPU
	EndGlobalSection
	GlobalSection(ProjectConfigurationPlatforms) = postSolution
		{D674BF9A-0315-4FBA-861D-43B4F2B576D3}.Debug|Any CPU.ActiveCfg = Debug|Any CPU
		{D674BF9A-0315-4FBA-861D-43B4F2B576D3}.Debug|Any CPU.Build.0 = Debug|Any CPU
		{D674BF9A-0315-4FBA-861D-43B4F2B576D3}.Release|Any CPU.ActiveCfg = Release|Any CPU
		{D674BF9A-0315-4FBA-861D-43B4F2B576D3}.Release|Any CPU.Build.0 = Release|Any CPU
	EndGlobalSection
	GlobalSection(SolutionProperties) = preSolution
		HideSolutionNode = FALSE
	EndGlobalSection
	GlobalSection(ExtensibilityGlobals) = postSolution
		SolutionGuid = {89B2442F-31E1-42F1-B724-76D1B0377375}
	EndGlobalSection
EndGlobal
